[[package]]
category = "dev"
description = "Atomic file writes."
name = "atomicwrites"
optional = false
python-versions = ">=2.7, !=3.0.*, !=3.1.*, !=3.2.*, !=3.3.*"
version = "1.3.0"

[[package]]
category = "dev"
description = "Classes Without Boilerplate"
name = "attrs"
optional = false
python-versions = ">=2.7, !=3.0.*, !=3.1.*, !=3.2.*, !=3.3.*"
version = "19.3.0"

[package.extras]
azure-pipelines = ["coverage", "hypothesis", "pympler", "pytest (>=4.3.0)", "six", "zope.interface", "pytest-azurepipelines"]
dev = ["coverage", "hypothesis", "pympler", "pytest (>=4.3.0)", "six", "zope.interface", "sphinx", "pre-commit"]
docs = ["sphinx", "zope.interface"]
tests = ["coverage", "hypothesis", "pympler", "pytest (>=4.3.0)", "six", "zope.interface"]

[[package]]
category = "main"
description = "Composable command line interface toolkit"
name = "click"
optional = false
python-versions = ">=2.7, !=3.0.*, !=3.1.*, !=3.2.*, !=3.3.*, !=3.4.*"
version = "7.1.1"

[[package]]
category = "dev"
description = "Cross-platform colored terminal text."
marker = "sys_platform == \"win32\""
name = "colorama"
optional = false
python-versions = ">=2.7, !=3.0.*, !=3.1.*, !=3.2.*, !=3.3.*, !=3.4.*"
version = "0.4.3"

[[package]]
category = "main"
description = "A Python framework for building reactive web-apps. Developed by Plotly."
name = "dash"
optional = false
python-versions = ">=2.7, !=3.0.*, !=3.1.*, !=3.2.*"
version = "1.11.0"

[package.dependencies]
Flask = ">=1.0.2"
dash-core-components = "1.9.1"
dash-html-components = "1.0.3"
dash-table = "4.6.2"
dash_renderer = "1.4.0"
flask-compress = "*"
future = "*"
plotly = "*"

[package.extras]
dev = ["dash_flow_example (0.0.5)", "dash-dangerously-set-inner-html", "flake8 (3.7.9)", "PyYAML (5.3)", "fire (0.2.1)", "coloredlogs (14.0)", "pylint (1.9.4)", "mock (3.0.5)", "virtualenv (20.0.10)", "pylint (2.3.1)", "astroid (2.2.5)", "mock (4.0.1)", "black (19.10b0)"]
testing = ["pytest-sugar (0.9.2)", "pytest-mock (2.0.0)", "lxml (4.5.0)", "selenium (3.141.0)", "percy (2.0.2)", "requests (2.21.0)", "beautifulsoup4 (4.8.2)", "waitress (1.4.3)", "pytest (4.6.9)", "pytest (5.3.5)"]

[[package]]
category = "main"
description = "Bootstrap themed components for use in Plotly Dash"
name = "dash-bootstrap-components"
optional = false
python-versions = "*"
version = "0.9.2"

[package.dependencies]
dash = ">=1.9.0"

[package.extras]
pandas = ["numpy", "pandas"]

[[package]]
category = "main"
description = "Core component suite for Dash"
name = "dash-core-components"
optional = false
python-versions = "*"
version = "1.9.1"

[[package]]
category = "main"
description = "Vanilla HTML components for Dash"
name = "dash-html-components"
optional = false
python-versions = "*"
version = "1.0.3"

[[package]]
category = "main"
description = "Front-end component renderer for Dash"
name = "dash-renderer"
optional = false
python-versions = "*"
version = "1.4.0"

[[package]]
category = "main"
description = "Dash table"
name = "dash-table"
optional = false
python-versions = "*"
version = "4.6.2"

[[package]]
category = "main"
description = "A simple framework for building complex web applications."
name = "flask"
optional = false
python-versions = ">=2.7, !=3.0.*, !=3.1.*, !=3.2.*, !=3.3.*, !=3.4.*"
version = "1.1.2"

[package.dependencies]
Jinja2 = ">=2.10.1"
Werkzeug = ">=0.15"
click = ">=5.1"
itsdangerous = ">=0.24"

[package.extras]
dev = ["pytest", "coverage", "tox", "sphinx", "pallets-sphinx-themes", "sphinxcontrib-log-cabinet", "sphinx-issues"]
docs = ["sphinx", "pallets-sphinx-themes", "sphinxcontrib-log-cabinet", "sphinx-issues"]
dotenv = ["python-dotenv"]

[[package]]
category = "main"
description = "Compress responses in your Flask app with gzip."
name = "flask-compress"
optional = false
python-versions = "*"
version = "1.4.0"

[package.dependencies]
Flask = "*"

[[package]]
category = "main"
description = "Clean single-source support for Python 3 and 2"
name = "future"
optional = false
python-versions = ">=2.6, !=3.0.*, !=3.1.*, !=3.2.*"
version = "0.18.2"

[[package]]
category = "main"
description = "Python bindings and utilities for GeoJSON"
name = "geojson"
optional = false
python-versions = "*"
version = "2.5.0"

[[package]]
category = "dev"
description = "Read metadata from Python packages"
marker = "python_version < \"3.8\""
name = "importlib-metadata"
optional = false
python-versions = "!=3.0.*,!=3.1.*,!=3.2.*,!=3.3.*,!=3.4.*,>=2.7"
version = "1.6.0"

[package.dependencies]
zipp = ">=0.5"

[package.extras]
docs = ["sphinx", "rst.linker"]
testing = ["packaging", "importlib-resources"]

[[package]]
category = "main"
description = "Various helpers to pass data to untrusted environments and back."
name = "itsdangerous"
optional = false
python-versions = ">=2.7, !=3.0.*, !=3.1.*, !=3.2.*, !=3.3.*"
version = "1.1.0"

[[package]]
category = "main"
description = "A very fast and expressive template engine."
name = "jinja2"
optional = false
python-versions = ">=2.7, !=3.0.*, !=3.1.*, !=3.2.*, !=3.3.*, !=3.4.*"
version = "2.11.2"

[package.dependencies]
MarkupSafe = ">=0.23"

[package.extras]
i18n = ["Babel (>=0.8)"]

[[package]]
category = "main"
description = "Safely add untrusted strings to HTML/XML markup."
name = "markupsafe"
optional = false
python-versions = ">=2.7,!=3.0.*,!=3.1.*,!=3.2.*,!=3.3.*"
version = "1.1.1"

[[package]]
category = "dev"
description = "More routines for operating on iterables, beyond itertools"
name = "more-itertools"
optional = false
python-versions = ">=3.5"
version = "8.2.0"

[[package]]
category = "main"
description = "Python interface to MySQL"
name = "mysqlclient"
optional = false
python-versions = "*"
version = "1.4.6"

[[package]]
category = "main"
description = "NumPy is the fundamental package for array computing with Python."
name = "numpy"
optional = false
python-versions = ">=3.5"
version = "1.18.1"

[[package]]
category = "main"
description = "Fast, correct Python JSON library supporting dataclasses, datetimes, and numpy"
name = "orjson"
optional = false
python-versions = ">=3.6"
version = "2.6.5"

[[package]]
category = "main"
description = "Powerful data structures for data analysis, time series, and statistics"
name = "pandas"
optional = false
python-versions = ">=3.5.3"
version = "0.25.3"

[package.dependencies]
numpy = ">=1.13.3"
python-dateutil = ">=2.6.1"
pytz = ">=2017.2"

[package.extras]
test = ["pytest (>=4.0.2)", "pytest-xdist", "hypothesis (>=3.58)"]

[[package]]
category = "main"
description = "An open-source, interactive graphing library for Python"
name = "plotly"
optional = false
python-versions = "*"
version = "4.6.0"

[package.dependencies]
retrying = ">=1.3.3"
six = "*"

[[package]]
category = "dev"
description = "plugin and hook calling mechanisms for python"
name = "pluggy"
optional = false
python-versions = ">=2.7, !=3.0.*, !=3.1.*, !=3.2.*, !=3.3.*"
version = "0.13.1"

[package.dependencies]
[package.dependencies.importlib-metadata]
python = "<3.8"
version = ">=0.12"

[package.extras]
dev = ["pre-commit", "tox"]

[[package]]
category = "dev"
description = "library with cross-python path, ini-parsing, io, code, log facilities"
name = "py"
optional = false
python-versions = ">=2.7, !=3.0.*, !=3.1.*, !=3.2.*, !=3.3.*"
version = "1.8.1"

[[package]]
category = "dev"
description = "pytest: simple powerful testing with Python"
name = "pytest"
optional = false
python-versions = ">=2.7, !=3.0.*, !=3.1.*, !=3.2.*, !=3.3.*"
version = "3.10.1"

[package.dependencies]
atomicwrites = ">=1.0"
attrs = ">=17.4.0"
colorama = "*"
more-itertools = ">=4.0.0"
pluggy = ">=0.7"
py = ">=1.5.0"
setuptools = "*"
six = ">=1.10.0"

[[package]]
category = "main"
description = "Extensions to the standard Python datetime module"
name = "python-dateutil"
optional = false
python-versions = "!=3.0.*,!=3.1.*,!=3.2.*,>=2.7"
version = "2.8.1"

[package.dependencies]
six = ">=1.5"

[[package]]
category = "main"
description = "World timezone definitions, modern and historical"
name = "pytz"
optional = false
python-versions = "*"
version = "2019.3"

[[package]]
category = "main"
description = "Retrying"
name = "retrying"
optional = false
python-versions = "*"
version = "1.3.3"

[package.dependencies]
six = ">=1.7.0"

[[package]]
category = "main"
description = "Fast linestring simplification using RDP or Visvalingam-Whyatt and a Rust binary"
name = "simplification"
optional = false
python-versions = "*"
version = "0.5.1"

[package.dependencies]
numpy = ">=1.11.0"

[[package]]
category = "main"
description = "Python 2 and 3 compatibility utilities"
name = "six"
optional = false
python-versions = ">=2.7, !=3.0.*, !=3.1.*, !=3.2.*"
version = "1.14.0"

[[package]]
category = "main"
description = "Database Abstraction Library"
name = "sqlalchemy"
optional = false
python-versions = ">=2.7, !=3.0.*, !=3.1.*, !=3.2.*, !=3.3.*"
version = "1.3.16"

[package.extras]
mssql = ["pyodbc"]
mssql_pymssql = ["pymssql"]
mssql_pyodbc = ["pyodbc"]
mysql = ["mysqlclient"]
oracle = ["cx-oracle"]
postgresql = ["psycopg2"]
postgresql_pg8000 = ["pg8000"]
postgresql_psycopg2binary = ["psycopg2-binary"]
postgresql_psycopg2cffi = ["psycopg2cffi"]
pymysql = ["pymysql"]

[[package]]
category = "main"
description = "The comprehensive WSGI web application library."
name = "werkzeug"
optional = false
python-versions = ">=2.7, !=3.0.*, !=3.1.*, !=3.2.*, !=3.3.*, !=3.4.*"
version = "1.0.1"

[package.extras]
dev = ["pytest", "pytest-timeout", "coverage", "tox", "sphinx", "pallets-sphinx-themes", "sphinx-issues"]
watchdog = ["watchdog"]

[[package]]
category = "dev"
description = "Backport of pathlib-compatible object wrapper for zip files"
marker = "python_version < \"3.8\""
name = "zipp"
optional = false
python-versions = ">=3.6"
version = "3.1.0"

[package.extras]
docs = ["sphinx", "jaraco.packaging (>=3.2)", "rst.linker (>=1.9)"]
testing = ["jaraco.itertools", "func-timeout"]

[metadata]
content-hash = "d4c369d6eeec54b2d98ce818d0c25b49c12794049de44fa9d8b44c8bb8c914e2"
python-versions = "^3.7"

[metadata.files]
atomicwrites = [
    {file = "atomicwrites-1.3.0-py2.py3-none-any.whl", hash = "sha256:03472c30eb2c5d1ba9227e4c2ca66ab8287fbfbbda3888aa93dc2e28fc6811b4"},
    {file = "atomicwrites-1.3.0.tar.gz", hash = "sha256:75a9445bac02d8d058d5e1fe689654ba5a6556a1dfd8ce6ec55a0ed79866cfa6"},
]
attrs = [
    {file = "attrs-19.3.0-py2.py3-none-any.whl", hash = "sha256:08a96c641c3a74e44eb59afb61a24f2cb9f4d7188748e76ba4bb5edfa3cb7d1c"},
    {file = "attrs-19.3.0.tar.gz", hash = "sha256:f7b7ce16570fe9965acd6d30101a28f62fb4a7f9e926b3bbc9b61f8b04247e72"},
]
click = [
    {file = "click-7.1.1-py2.py3-none-any.whl", hash = "sha256:e345d143d80bf5ee7534056164e5e112ea5e22716bbb1ce727941f4c8b471b9a"},
    {file = "click-7.1.1.tar.gz", hash = "sha256:8a18b4ea89d8820c5d0c7da8a64b2c324b4dabb695804dbfea19b9be9d88c0cc"},
]
colorama = [
    {file = "colorama-0.4.3-py2.py3-none-any.whl", hash = "sha256:7d73d2a99753107a36ac6b455ee49046802e59d9d076ef8e47b61499fa29afff"},
    {file = "colorama-0.4.3.tar.gz", hash = "sha256:e96da0d330793e2cb9485e9ddfd918d456036c7149416295932478192f4436a1"},
]
dash = [
    {file = "dash-1.11.0.tar.gz", hash = "sha256:57e32410a4f0f9fef0cdcd61f801bd01738f343ad308fa51592859ef9bc5c5ad"},
]
dash-bootstrap-components = [
    {file = "dash-bootstrap-components-0.9.2.tar.gz", hash = "sha256:ab6ff87baf3b1bab0877694b1a8eb8ad561ef7b06b55941098b740e5016edce0"},
]
dash-core-components = [
    {file = "dash_core_components-1.9.1.tar.gz", hash = "sha256:ea72f514d841caa1b42a1c6092d00c05cc63768916d33563e994114c1a022656"},
]
dash-html-components = [
    {file = "dash_html_components-1.0.3.tar.gz", hash = "sha256:dafb54ae8ab601fffe50c74d72b32783dec2beea65fd1c7e7dd6a66e20e545ba"},
]
dash-renderer = [
    {file = "dash_renderer-1.4.0.tar.gz", hash = "sha256:c56e57f0b55ff0d7bb0f4df71060879460b2d22387fe01394fa84f85c71f66ed"},
]
dash-table = [
    {file = "dash_table-4.6.2.tar.gz", hash = "sha256:5ceabd434bc63a9d1aa5bf4f00b55d2e5342072e274f0ee6fc53bc58bef4c1c2"},
]
flask = [
    {file = "Flask-1.1.2-py2.py3-none-any.whl", hash = "sha256:8a4fdd8936eba2512e9c85df320a37e694c93945b33ef33c89946a340a238557"},
    {file = "Flask-1.1.2.tar.gz", hash = "sha256:4efa1ae2d7c9865af48986de8aeb8504bf32c7f3d6fdc9353d34b21f4b127060"},
]
flask-compress = [
    {file = "Flask-Compress-1.4.0.tar.gz", hash = "sha256:468693f4ddd11ac6a41bca4eb5f94b071b763256d54136f77957cfee635badb3"},
]
future = [
    {file = "future-0.18.2.tar.gz", hash = "sha256:b1bead90b70cf6ec3f0710ae53a525360fa360d306a86583adc6bf83a4db537d"},
]
geojson = [
    {file = "geojson-2.5.0-py2.py3-none-any.whl", hash = "sha256:ccbd13368dd728f4e4f13ffe6aaf725b6e802c692ba0dde628be475040c534ba"},
    {file = "geojson-2.5.0.tar.gz", hash = "sha256:6e4bb7ace4226a45d9c8c8b1348b3fc43540658359f93c3f7e03efa9f15f658a"},
]
importlib-metadata = [
    {file = "importlib_metadata-1.6.0-py2.py3-none-any.whl", hash = "sha256:2a688cbaa90e0cc587f1df48bdc97a6eadccdcd9c35fb3f976a09e3b5016d90f"},
    {file = "importlib_metadata-1.6.0.tar.gz", hash = "sha256:34513a8a0c4962bc66d35b359558fd8a5e10cd472d37aec5f66858addef32c1e"},
]
itsdangerous = [
    {file = "itsdangerous-1.1.0-py2.py3-none-any.whl", hash = "sha256:b12271b2047cb23eeb98c8b5622e2e5c5e9abd9784a153e9d8ef9cb4dd09d749"},
    {file = "itsdangerous-1.1.0.tar.gz", hash = "sha256:321b033d07f2a4136d3ec762eac9f16a10ccd60f53c0c91af90217ace7ba1f19"},
]
jinja2 = [
    {file = "Jinja2-2.11.2-py2.py3-none-any.whl", hash = "sha256:f0a4641d3cf955324a89c04f3d94663aa4d638abe8f733ecd3582848e1c37035"},
    {file = "Jinja2-2.11.2.tar.gz", hash = "sha256:89aab215427ef59c34ad58735269eb58b1a5808103067f7bb9d5836c651b3bb0"},
]
markupsafe = [
    {file = "MarkupSafe-1.1.1-cp27-cp27m-macosx_10_6_intel.whl", hash = "sha256:09027a7803a62ca78792ad89403b1b7a73a01c8cb65909cd876f7fcebd79b161"},
    {file = "MarkupSafe-1.1.1-cp27-cp27m-manylinux1_i686.whl", hash = "sha256:e249096428b3ae81b08327a63a485ad0878de3fb939049038579ac0ef61e17e7"},
    {file = "MarkupSafe-1.1.1-cp27-cp27m-manylinux1_x86_64.whl", hash = "sha256:500d4957e52ddc3351cabf489e79c91c17f6e0899158447047588650b5e69183"},
    {file = "MarkupSafe-1.1.1-cp27-cp27m-win32.whl", hash = "sha256:b2051432115498d3562c084a49bba65d97cf251f5a331c64a12ee7e04dacc51b"},
    {file = "MarkupSafe-1.1.1-cp27-cp27m-win_amd64.whl", hash = "sha256:98c7086708b163d425c67c7a91bad6e466bb99d797aa64f965e9d25c12111a5e"},
    {file = "MarkupSafe-1.1.1-cp27-cp27mu-manylinux1_i686.whl", hash = "sha256:cd5df75523866410809ca100dc9681e301e3c27567cf498077e8551b6d20e42f"},
    {file = "MarkupSafe-1.1.1-cp27-cp27mu-manylinux1_x86_64.whl", hash = "sha256:43a55c2930bbc139570ac2452adf3d70cdbb3cfe5912c71cdce1c2c6bbd9c5d1"},
    {file = "MarkupSafe-1.1.1-cp34-cp34m-macosx_10_6_intel.whl", hash = "sha256:1027c282dad077d0bae18be6794e6b6b8c91d58ed8a8d89a89d59693b9131db5"},
    {file = "MarkupSafe-1.1.1-cp34-cp34m-manylinux1_i686.whl", hash = "sha256:62fe6c95e3ec8a7fad637b7f3d372c15ec1caa01ab47926cfdf7a75b40e0eac1"},
    {file = "MarkupSafe-1.1.1-cp34-cp34m-manylinux1_x86_64.whl", hash = "sha256:88e5fcfb52ee7b911e8bb6d6aa2fd21fbecc674eadd44118a9cc3863f938e735"},
    {file = "MarkupSafe-1.1.1-cp34-cp34m-win32.whl", hash = "sha256:ade5e387d2ad0d7ebf59146cc00c8044acbd863725f887353a10df825fc8ae21"},
    {file = "MarkupSafe-1.1.1-cp34-cp34m-win_amd64.whl", hash = "sha256:09c4b7f37d6c648cb13f9230d847adf22f8171b1ccc4d5682398e77f40309235"},
    {file = "MarkupSafe-1.1.1-cp35-cp35m-macosx_10_6_intel.whl", hash = "sha256:79855e1c5b8da654cf486b830bd42c06e8780cea587384cf6545b7d9ac013a0b"},
    {file = "MarkupSafe-1.1.1-cp35-cp35m-manylinux1_i686.whl", hash = "sha256:c8716a48d94b06bb3b2524c2b77e055fb313aeb4ea620c8dd03a105574ba704f"},
    {file = "MarkupSafe-1.1.1-cp35-cp35m-manylinux1_x86_64.whl", hash = "sha256:7c1699dfe0cf8ff607dbdcc1e9b9af1755371f92a68f706051cc8c37d447c905"},
    {file = "MarkupSafe-1.1.1-cp35-cp35m-win32.whl", hash = "sha256:6dd73240d2af64df90aa7c4e7481e23825ea70af4b4922f8ede5b9e35f78a3b1"},
    {file = "MarkupSafe-1.1.1-cp35-cp35m-win_amd64.whl", hash = "sha256:9add70b36c5666a2ed02b43b335fe19002ee5235efd4b8a89bfcf9005bebac0d"},
    {file = "MarkupSafe-1.1.1-cp36-cp36m-macosx_10_6_intel.whl", hash = "sha256:24982cc2533820871eba85ba648cd53d8623687ff11cbb805be4ff7b4c971aff"},
    {file = "MarkupSafe-1.1.1-cp36-cp36m-manylinux1_i686.whl", hash = "sha256:00bc623926325b26bb9605ae9eae8a215691f33cae5df11ca5424f06f2d1f473"},
    {file = "MarkupSafe-1.1.1-cp36-cp36m-manylinux1_x86_64.whl", hash = "sha256:717ba8fe3ae9cc0006d7c451f0bb265ee07739daf76355d06366154ee68d221e"},
    {file = "MarkupSafe-1.1.1-cp36-cp36m-win32.whl", hash = "sha256:535f6fc4d397c1563d08b88e485c3496cf5784e927af890fb3c3aac7f933ec66"},
    {file = "MarkupSafe-1.1.1-cp36-cp36m-win_amd64.whl", hash = "sha256:b1282f8c00509d99fef04d8ba936b156d419be841854fe901d8ae224c59f0be5"},
    {file = "MarkupSafe-1.1.1-cp37-cp37m-macosx_10_6_intel.whl", hash = "sha256:8defac2f2ccd6805ebf65f5eeb132adcf2ab57aa11fdf4c0dd5169a004710e7d"},
    {file = "MarkupSafe-1.1.1-cp37-cp37m-manylinux1_i686.whl", hash = "sha256:46c99d2de99945ec5cb54f23c8cd5689f6d7177305ebff350a58ce5f8de1669e"},
    {file = "MarkupSafe-1.1.1-cp37-cp37m-manylinux1_x86_64.whl", hash = "sha256:ba59edeaa2fc6114428f1637ffff42da1e311e29382d81b339c1817d37ec93c6"},
    {file = "MarkupSafe-1.1.1-cp37-cp37m-win32.whl", hash = "sha256:b00c1de48212e4cc9603895652c5c410df699856a2853135b3967591e4beebc2"},
    {file = "MarkupSafe-1.1.1-cp37-cp37m-win_amd64.whl", hash = "sha256:9bf40443012702a1d2070043cb6291650a0841ece432556f784f004937f0f32c"},
    {file = "MarkupSafe-1.1.1-cp38-cp38-macosx_10_9_x86_64.whl", hash = "sha256:6788b695d50a51edb699cb55e35487e430fa21f1ed838122d722e0ff0ac5ba15"},
    {file = "MarkupSafe-1.1.1-cp38-cp38-manylinux1_i686.whl", hash = "sha256:cdb132fc825c38e1aeec2c8aa9338310d29d337bebbd7baa06889d09a60a1fa2"},
    {file = "MarkupSafe-1.1.1-cp38-cp38-manylinux1_x86_64.whl", hash = "sha256:13d3144e1e340870b25e7b10b98d779608c02016d5184cfb9927a9f10c689f42"},
    {file = "MarkupSafe-1.1.1-cp38-cp38-win32.whl", hash = "sha256:596510de112c685489095da617b5bcbbac7dd6384aeebeda4df6025d0256a81b"},
    {file = "MarkupSafe-1.1.1-cp38-cp38-win_amd64.whl", hash = "sha256:e8313f01ba26fbbe36c7be1966a7b7424942f670f38e666995b88d012765b9be"},
    {file = "MarkupSafe-1.1.1.tar.gz", hash = "sha256:29872e92839765e546828bb7754a68c418d927cd064fd4708fab9fe9c8bb116b"},
]
more-itertools = [
    {file = "more-itertools-8.2.0.tar.gz", hash = "sha256:b1ddb932186d8a6ac451e1d95844b382f55e12686d51ca0c68b6f61f2ab7a507"},
    {file = "more_itertools-8.2.0-py3-none-any.whl", hash = "sha256:5dd8bcf33e5f9513ffa06d5ad33d78f31e1931ac9a18f33d37e77a180d393a7c"},
]
mysqlclient = [
    {file = "mysqlclient-1.4.6-cp36-cp36m-win_amd64.whl", hash = "sha256:4c82187dd6ab3607150fbb1fa5ef4643118f3da122b8ba31c3149ddd9cf0cb39"},
    {file = "mysqlclient-1.4.6-cp37-cp37m-win_amd64.whl", hash = "sha256:9e6080a7aee4cc6a06b58b59239f20f1d259c1d2fddf68ddeed242d2311c7087"},
    {file = "mysqlclient-1.4.6-cp38-cp38-win_amd64.whl", hash = "sha256:f646f8d17d02be0872291f258cce3813497bc7888cd4712a577fd1e719b2f213"},
    {file = "mysqlclient-1.4.6.tar.gz", hash = "sha256:f3fdaa9a38752a3b214a6fe79d7cae3653731a53e577821f9187e67cbecb2e16"},
]
numpy = [
    {file = "numpy-1.18.1-cp35-cp35m-macosx_10_6_intel.whl", hash = "sha256:20b26aaa5b3da029942cdcce719b363dbe58696ad182aff0e5dcb1687ec946dc"},
    {file = "numpy-1.18.1-cp35-cp35m-manylinux1_i686.whl", hash = "sha256:70a840a26f4e61defa7bdf811d7498a284ced303dfbc35acb7be12a39b2aa121"},
    {file = "numpy-1.18.1-cp35-cp35m-manylinux1_x86_64.whl", hash = "sha256:17aa7a81fe7599a10f2b7d95856dc5cf84a4eefa45bc96123cbbc3ebc568994e"},
    {file = "numpy-1.18.1-cp35-cp35m-win32.whl", hash = "sha256:f3d0a94ad151870978fb93538e95411c83899c9dc63e6fb65542f769568ecfa5"},
    {file = "numpy-1.18.1-cp35-cp35m-win_amd64.whl", hash = "sha256:1786a08236f2c92ae0e70423c45e1e62788ed33028f94ca99c4df03f5be6b3c6"},
    {file = "numpy-1.18.1-cp36-cp36m-macosx_10_9_x86_64.whl", hash = "sha256:ae0975f42ab1f28364dcda3dde3cf6c1ddab3e1d4b2909da0cb0191fa9ca0480"},
    {file = "numpy-1.18.1-cp36-cp36m-manylinux1_i686.whl", hash = "sha256:cf7eb6b1025d3e169989416b1adcd676624c2dbed9e3bcb7137f51bfc8cc2572"},
    {file = "numpy-1.18.1-cp36-cp36m-manylinux1_x86_64.whl", hash = "sha256:b765ed3930b92812aa698a455847141869ef755a87e099fddd4ccf9d81fffb57"},
    {file = "numpy-1.18.1-cp36-cp36m-win32.whl", hash = "sha256:2d75908ab3ced4223ccba595b48e538afa5ecc37405923d1fea6906d7c3a50bc"},
    {file = "numpy-1.18.1-cp36-cp36m-win_amd64.whl", hash = "sha256:9acdf933c1fd263c513a2df3dceecea6f3ff4419d80bf238510976bf9bcb26cd"},
    {file = "numpy-1.18.1-cp37-cp37m-macosx_10_9_x86_64.whl", hash = "sha256:56bc8ded6fcd9adea90f65377438f9fea8c05fcf7c5ba766bef258d0da1554aa"},
    {file = "numpy-1.18.1-cp37-cp37m-manylinux1_i686.whl", hash = "sha256:e422c3152921cece8b6a2fb6b0b4d73b6579bd20ae075e7d15143e711f3ca2ca"},
    {file = "numpy-1.18.1-cp37-cp37m-manylinux1_x86_64.whl", hash = "sha256:b3af02ecc999c8003e538e60c89a2b37646b39b688d4e44d7373e11c2debabec"},
    {file = "numpy-1.18.1-cp37-cp37m-win32.whl", hash = "sha256:d92350c22b150c1cae7ebb0ee8b5670cc84848f6359cf6b5d8f86617098a9b73"},
    {file = "numpy-1.18.1-cp37-cp37m-win_amd64.whl", hash = "sha256:77c3bfe65d8560487052ad55c6998a04b654c2fbc36d546aef2b2e511e760971"},
    {file = "numpy-1.18.1-cp38-cp38-macosx_10_9_x86_64.whl", hash = "sha256:c98c5ffd7d41611407a1103ae11c8b634ad6a43606eca3e2a5a269e5d6e8eb07"},
    {file = "numpy-1.18.1-cp38-cp38-manylinux1_i686.whl", hash = "sha256:9537eecf179f566fd1c160a2e912ca0b8e02d773af0a7a1120ad4f7507cd0d26"},
    {file = "numpy-1.18.1-cp38-cp38-manylinux1_x86_64.whl", hash = "sha256:e840f552a509e3380b0f0ec977e8124d0dc34dc0e68289ca28f4d7c1d0d79474"},
    {file = "numpy-1.18.1-cp38-cp38-win32.whl", hash = "sha256:590355aeade1a2eaba17617c19edccb7db8d78760175256e3cf94590a1a964f3"},
    {file = "numpy-1.18.1-cp38-cp38-win_amd64.whl", hash = "sha256:39d2c685af15d3ce682c99ce5925cc66efc824652e10990d2462dfe9b8918c6a"},
    {file = "numpy-1.18.1.zip", hash = "sha256:b6ff59cee96b454516e47e7721098e6ceebef435e3e21ac2d6c3b8b02628eb77"},
]
orjson = [
    {file = "orjson-2.6.5-cp36-cp36m-macosx_10_7_x86_64.whl", hash = "sha256:2b73518e036fcaabc03f88c951350d971493346f55cdc7368c10a13ff62a4f6f"},
    {file = "orjson-2.6.5-cp36-cp36m-manylinux1_x86_64.whl", hash = "sha256:2f2b6a425b43174ea4a34dcee67e6c07f6df88baaf7098d1f41bf3e9eb996b00"},
    {file = "orjson-2.6.5-cp36-cp36m-manylinux2014_aarch64.whl", hash = "sha256:2a2e5f0dca7203f8779c20c3c0c5246bbeb62d48a72fa81d30fdae6508acb48f"},
    {file = "orjson-2.6.5-cp36-none-win_amd64.whl", hash = "sha256:1393d45a08799f5058aa92e480f8da42e06a288af41bfc58fb48b37a66d711d5"},
    {file = "orjson-2.6.5-cp37-cp37m-macosx_10_7_x86_64.whl", hash = "sha256:dae4c6d25f09069127deb3866c8f22f9b25530df7ac93ae57068b9c10557d106"},
    {file = "orjson-2.6.5-cp37-cp37m-manylinux1_x86_64.whl", hash = "sha256:b424eab367173bf9d56ef5242371dc1258bf573dcb4517291ec3b1e4e8020abc"},
    {file = "orjson-2.6.5-cp37-cp37m-manylinux2014_aarch64.whl", hash = "sha256:b10bda292e91df63c2ced92c0bdd4d74615acaf58b1f3742a19a82e84a1cb4ee"},
    {file = "orjson-2.6.5-cp37-none-win_amd64.whl", hash = "sha256:211d03974a2141e1a52fc1c284ffbbf3c37e9d5c6dd9303aa0817158f800092c"},
    {file = "orjson-2.6.5-cp38-cp38-macosx_10_7_x86_64.whl", hash = "sha256:411d3823f6b9cbb43a43942f0bc263720ad7c94d0c68d258cfbf76a0f3c0ce0d"},
    {file = "orjson-2.6.5-cp38-cp38-manylinux1_x86_64.whl", hash = "sha256:dd9a62914fabe387cc3c8ff50c9ffd6a7009b422cea270c1527d98b87034ed01"},
    {file = "orjson-2.6.5-cp38-cp38-manylinux2014_aarch64.whl", hash = "sha256:a889288e111dbb36c740911232ccee97c86f25c70e7a666daca94c5b1f70d7f7"},
    {file = "orjson-2.6.5-cp38-none-win_amd64.whl", hash = "sha256:c7d64e3452396af7810efe9fcb0a33c269a4b20e569e51ec9d1522ab4b6aa97b"},
    {file = "orjson-2.6.5-cp39-cp39-manylinux2014_aarch64.whl", hash = "sha256:b15831f847ecae767aed19e0365aefb5315a7834410ab6c59e046f0d199e1593"},
    {file = "orjson-2.6.5-cp39-cp39-manylinux2014_x86_64.whl", hash = "sha256:9f817e770cf4cf919cba6950a47f1b19e3c201dc02a2176821c9c63eff41ad86"},
    {file = "orjson-2.6.5.tar.gz", hash = "sha256:89c853658e3dab6e553205159c809f84fd8a69886fe0ef7e4e5eeac407254926"},
]
pandas = [
    {file = "pandas-0.25.3-cp35-cp35m-macosx_10_6_intel.whl", hash = "sha256:df8864824b1fe488cf778c3650ee59c3a0d8f42e53707de167ba6b4f7d35f133"},
    {file = "pandas-0.25.3-cp35-cp35m-manylinux1_i686.whl", hash = "sha256:7458c48e3d15b8aaa7d575be60e1e4dd70348efcd9376656b72fecd55c59a4c3"},
    {file = "pandas-0.25.3-cp35-cp35m-manylinux1_x86_64.whl", hash = "sha256:61741f5aeb252f39c3031d11405305b6d10ce663c53bc3112705d7ad66c013d0"},
    {file = "pandas-0.25.3-cp35-cp35m-win32.whl", hash = "sha256:adc3d3a3f9e59a38d923e90e20c4922fc62d1e5a03d083440468c6d8f3f1ae0a"},
    {file = "pandas-0.25.3-cp35-cp35m-win_amd64.whl", hash = "sha256:975c461accd14e89d71772e89108a050fa824c0b87a67d34cedf245f6681fc17"},
    {file = "pandas-0.25.3-cp36-cp36m-macosx_10_9_x86_64.whl", hash = "sha256:ee50c2142cdcf41995655d499a157d0a812fce55c97d9aad13bc1eef837ed36c"},
    {file = "pandas-0.25.3-cp36-cp36m-manylinux1_i686.whl", hash = "sha256:4545467a637e0e1393f7d05d61dace89689ad6d6f66f267f86fff737b702cce9"},
    {file = "pandas-0.25.3-cp36-cp36m-manylinux1_x86_64.whl", hash = "sha256:bbe3eb765a0b1e578833d243e2814b60c825b7fdbf4cdfe8e8aae8a08ed56ecf"},
    {file = "pandas-0.25.3-cp36-cp36m-win32.whl", hash = "sha256:8153705d6545fd9eb6dd2bc79301bff08825d2e2f716d5dced48daafc2d0b81f"},
    {file = "pandas-0.25.3-cp36-cp36m-win_amd64.whl", hash = "sha256:26382aab9c119735908d94d2c5c08020a4a0a82969b7e5eefb92f902b3b30ad7"},
    {file = "pandas-0.25.3-cp37-cp37m-macosx_10_9_x86_64.whl", hash = "sha256:00dff3a8e337f5ed7ad295d98a31821d3d0fe7792da82d78d7fd79b89c03ea9d"},
    {file = "pandas-0.25.3-cp37-cp37m-manylinux1_x86_64.whl", hash = "sha256:e45055c30a608076e31a9fcd780a956ed3b1fa20db61561b8d88b79259f526f7"},
    {file = "pandas-0.25.3-cp37-cp37m-win32.whl", hash = "sha256:255920e63850dc512ce356233081098554d641ba99c3767dde9e9f35630f994b"},
    {file = "pandas-0.25.3-cp37-cp37m-win_amd64.whl", hash = "sha256:22361b1597c8c2ffd697aa9bf85423afa9e1fcfa6b1ea821054a244d5f24d75e"},
    {file = "pandas-0.25.3-cp38-cp38-macosx_10_9_x86_64.whl", hash = "sha256:9962957a27bfb70ab64103d0a7b42fa59c642fb4ed4cb75d0227b7bb9228535d"},
    {file = "pandas-0.25.3-cp38-cp38-manylinux1_x86_64.whl", hash = "sha256:78bf638993219311377ce9836b3dc05f627a666d0dbc8cec37c0ff3c9ada673b"},
    {file = "pandas-0.25.3-cp38-cp38-win32.whl", hash = "sha256:6a3ac2c87e4e32a969921d1428525f09462770c349147aa8e9ab95f88c71ec71"},
    {file = "pandas-0.25.3-cp38-cp38-win_amd64.whl", hash = "sha256:33970f4cacdd9a0ddb8f21e151bfb9f178afb7c36eb7c25b9094c02876f385c2"},
    {file = "pandas-0.25.3.tar.gz", hash = "sha256:52da74df8a9c9a103af0a72c9d5fdc8e0183a90884278db7f386b5692a2220a4"},
]
plotly = [
    {file = "plotly-4.6.0-py2.py3-none-any.whl", hash = "sha256:ac0ca0854350bfcd833f3a8eb08aa50e184660502bb46fe907701f896ff349bd"},
    {file = "plotly-4.6.0.tar.gz", hash = "sha256:61f34955f04201a1ebcd59feaafa7eae7c16ef9b3f439870be01fb85a949292f"},
]
pluggy = [
    {file = "pluggy-0.13.1-py2.py3-none-any.whl", hash = "sha256:966c145cd83c96502c3c3868f50408687b38434af77734af1e9ca461a4081d2d"},
    {file = "pluggy-0.13.1.tar.gz", hash = "sha256:15b2acde666561e1298d71b523007ed7364de07029219b604cf808bfa1c765b0"},
]
py = [
    {file = "py-1.8.1-py2.py3-none-any.whl", hash = "sha256:c20fdd83a5dbc0af9efd622bee9a5564e278f6380fffcacc43ba6f43db2813b0"},
    {file = "py-1.8.1.tar.gz", hash = "sha256:5e27081401262157467ad6e7f851b7aa402c5852dbcb3dae06768434de5752aa"},
]
pytest = [
    {file = "pytest-3.10.1-py2.py3-none-any.whl", hash = "sha256:3f193df1cfe1d1609d4c583838bea3d532b18d6160fd3f55c9447fdca30848ec"},
    {file = "pytest-3.10.1.tar.gz", hash = "sha256:e246cf173c01169b9617fc07264b7b1316e78d7a650055235d6d897bc80d9660"},
]
python-dateutil = [
    {file = "python-dateutil-2.8.1.tar.gz", hash = "sha256:73ebfe9dbf22e832286dafa60473e4cd239f8592f699aa5adaf10050e6e1823c"},
    {file = "python_dateutil-2.8.1-py2.py3-none-any.whl", hash = "sha256:75bb3f31ea686f1197762692a9ee6a7550b59fc6ca3a1f4b5d7e32fb98e2da2a"},
]
pytz = [
    {file = "pytz-2019.3-py2.py3-none-any.whl", hash = "sha256:1c557d7d0e871de1f5ccd5833f60fb2550652da6be2693c1e02300743d21500d"},
    {file = "pytz-2019.3.tar.gz", hash = "sha256:b02c06db6cf09c12dd25137e563b31700d3b80fcc4ad23abb7a315f2789819be"},
]
retrying = [
    {file = "retrying-1.3.3.tar.gz", hash = "sha256:08c039560a6da2fe4f2c426d0766e284d3b736e355f8dd24b37367b0bb41973b"},
]
simplification = [
    {file = "simplification-0.5.1-cp27-cp27m-macosx_10_9_x86_64.macosx_10_9_intel.macosx_10_10_intel.macosx_10_10_x86_64.macosx_10_11_intel.macosx_10_11_x86_64.whl", hash = "sha256:7e32625f891c4ad94d2e138d0341cf91babdd8b2ab4e343610e4e5b742cc19f0"},
    {file = "simplification-0.5.1-cp27-cp27m-win32.whl", hash = "sha256:53b43ccd13fdbe38d8d8a4c0df2fccad303dc0309f0d157b6095da54a3fdf63d"},
    {file = "simplification-0.5.1-cp27-cp27m-win_amd64.whl", hash = "sha256:57cc61bd50dcb3815466091341858e76b63b9f2ef1e036b2b782e2acefe5bce3"},
    {file = "simplification-0.5.1-cp27-cp27mu-manylinux1_x86_64.whl", hash = "sha256:22a50345e3ba016101c5a7da5a5716dd94643933fc6cff78daf59fd9352f688e"},
    {file = "simplification-0.5.1-cp27-cp27mu-manylinux2010_x86_64.whl", hash = "sha256:42a3c802ce098c406304c736790f95ca707d0ddc375bd3dd0eadc618dc8b0e87"},
    {file = "simplification-0.5.1-cp36-cp36m-macosx_10_9_x86_64.macosx_10_9_intel.macosx_10_10_intel.macosx_10_10_x86_64.macosx_10_11_intel.macosx_10_11_x86_64.whl", hash = "sha256:4062f9c762cfb5b35e570dc757abd9a2760e25ed6ad184925ac5e8ed01302ec2"},
    {file = "simplification-0.5.1-cp36-cp36m-manylinux1_x86_64.whl", hash = "sha256:47267a9468714f159e760a67cedd0feddbc15037b91c71a7fa7edcf7e411490a"},
    {file = "simplification-0.5.1-cp36-cp36m-manylinux2010_x86_64.whl", hash = "sha256:f0fbe74e2becf0b4b0bdbae4dd1a8008655c833f9bc1c00d92e89bab033ac1d6"},
    {file = "simplification-0.5.1-cp36-cp36m-win32.whl", hash = "sha256:b58408a580d53182a45964e448ce97429aa1db57faf78b84d6664bd4f35fcff8"},
    {file = "simplification-0.5.1-cp36-cp36m-win_amd64.whl", hash = "sha256:99bc314ee766cde4aaba4cb5e4c2d3cd779c9b43902f1d73d977334bd70b49c2"},
    {file = "simplification-0.5.1-cp37-cp37m-macosx_10_9_x86_64.macosx_10_9_intel.macosx_10_10_intel.macosx_10_10_x86_64.macosx_10_11_intel.macosx_10_11_x86_64.whl", hash = "sha256:1f0087ad5bbfd3ecd1fda31a459d335afa97315240e3650975d602867d91b0a4"},
    {file = "simplification-0.5.1-cp37-cp37m-manylinux1_x86_64.whl", hash = "sha256:d7411964dcd81070d136959af1ec230db3f2a35bd6989e7e6e2e9bbd8605476e"},
    {file = "simplification-0.5.1-cp37-cp37m-manylinux2010_x86_64.whl", hash = "sha256:2bdeda3de696b6f4bba3785ca3ac101d3193abfa660dc70a9a5aa19aef9d05a0"},
    {file = "simplification-0.5.1-cp37-cp37m-win32.whl", hash = "sha256:6bb77d26f40332a6155c87df4e1b9eb8908fd607e8055bbca320dfe95335fbab"},
    {file = "simplification-0.5.1-cp37-cp37m-win_amd64.whl", hash = "sha256:da3bc089ac0993f61847512b0c09a363cccb93751888164f1c008fdedfeb1b21"},
    {file = "simplification-0.5.1-cp38-cp38-macosx_10_9_x86_64.macosx_10_9_intel.macosx_10_10_intel.macosx_10_10_x86_64.macosx_10_11_intel.macosx_10_11_x86_64.whl", hash = "sha256:ad2cdf6b34a4fd31b90699804590e0a3f47cac44ca7c3bd119607a7e144de9e2"},
    {file = "simplification-0.5.1-cp38-cp38-manylinux1_x86_64.whl", hash = "sha256:fd8d4083c43cb1fe9478fc0e903c166a28cca777af6b3a59e59e7ea462b63f26"},
    {file = "simplification-0.5.1-cp38-cp38-manylinux2010_x86_64.whl", hash = "sha256:831142d3ebec84e48e4eee9a492b5047e793e1fc904914e57da0c53c04ba8df2"},
]
six = [
    {file = "six-1.14.0-py2.py3-none-any.whl", hash = "sha256:8f3cd2e254d8f793e7f3d6d9df77b92252b52637291d0f0da013c76ea2724b6c"},
    {file = "six-1.14.0.tar.gz", hash = "sha256:236bdbdce46e6e6a3d61a337c0f8b763ca1e8717c03b369e87a7ec7ce1319c0a"},
]
sqlalchemy = [
    {file = "SQLAlchemy-1.3.16-cp27-cp27m-macosx_10_13_x86_64.whl", hash = "sha256:8d8c21e9d4efef01351bf28513648ceb988031be4159745a7ad1b3e28c8ff68a"},
    {file = "SQLAlchemy-1.3.16-cp27-cp27m-win32.whl", hash = "sha256:083e383a1dca8384d0ea6378bd182d83c600ed4ff4ec8247d3b2442cf70db1ad"},
    {file = "SQLAlchemy-1.3.16-cp27-cp27m-win_amd64.whl", hash = "sha256:128f6179325f7597a46403dde0bf148478f868df44841348dfc8d158e00db1f9"},
    {file = "SQLAlchemy-1.3.16-cp36-cp36m-macosx_10_13_x86_64.whl", hash = "sha256:6056b671aeda3fc451382e52ab8a753c0d5f66ef2a5ccc8fa5ba7abd20988b4d"},
    {file = "SQLAlchemy-1.3.16-cp36-cp36m-manylinux1_x86_64.whl", hash = "sha256:7025c639ce7e170db845e94006cf5f404e243e6fc00d6c86fa19e8ad8d411880"},
    {file = "SQLAlchemy-1.3.16-cp36-cp36m-manylinux2010_x86_64.whl", hash = "sha256:e18752cecaef61031252ca72031d4d6247b3212ebb84748fc5d1a0d2029c23ea"},
    {file = "SQLAlchemy-1.3.16-cp36-cp36m-win32.whl", hash = "sha256:0a690a6486658d03cc6a73536d46e796b6570ac1f8a7ec133f9e28c448b69828"},
    {file = "SQLAlchemy-1.3.16-cp36-cp36m-win_amd64.whl", hash = "sha256:d00b393f05dbd4ecd65c989b7f5a81110eae4baea7a6a4cdd94c20a908d1456e"},
    {file = "SQLAlchemy-1.3.16-cp37-cp37m-macosx_10_13_x86_64.whl", hash = "sha256:114b6ace30001f056e944cebd46daef38fdb41ebb98f5e5940241a03ed6cad43"},
    {file = "SQLAlchemy-1.3.16-cp37-cp37m-manylinux1_x86_64.whl", hash = "sha256:13d48cd8b925b6893a4e59b2dfb3e59a5204fd8c98289aad353af78bd214db49"},
    {file = "SQLAlchemy-1.3.16-cp37-cp37m-manylinux2010_x86_64.whl", hash = "sha256:211a1ce7e825f7142121144bac76f53ac28b12172716a710f4bf3eab477e730b"},
    {file = "SQLAlchemy-1.3.16-cp37-cp37m-win32.whl", hash = "sha256:68d78cf4a9dfade2e6cf57c4be19f7b82ed66e67dacf93b32bb390c9bed12749"},
    {file = "SQLAlchemy-1.3.16-cp37-cp37m-win_amd64.whl", hash = "sha256:2dc57ee80b76813759cccd1a7affedf9c4dbe5b065a91fb6092c9d8151d66078"},
    {file = "SQLAlchemy-1.3.16-cp38-cp38-macosx_10_13_x86_64.whl", hash = "sha256:43078c7ec0457387c79b8d52fff90a7ad352ca4c7aa841c366238c3e2cf52fdf"},
    {file = "SQLAlchemy-1.3.16-cp38-cp38-manylinux1_x86_64.whl", hash = "sha256:bbb545da054e6297242a1bb1ba88e7a8ffb679f518258d66798ec712b82e4e07"},
    {file = "SQLAlchemy-1.3.16-cp38-cp38-manylinux2010_x86_64.whl", hash = "sha256:5b1bf3c2c2dca738235ce08079783ef04f1a7fc5b21cf24adaae77f2da4e73c3"},
    {file = "SQLAlchemy-1.3.16-cp38-cp38-win32.whl", hash = "sha256:3e625e283eecc15aee5b1ef77203bfb542563fa4a9aa622c7643c7b55438ff49"},
    {file = "SQLAlchemy-1.3.16-cp38-cp38-win_amd64.whl", hash = "sha256:7d98e0785c4cd7ae30b4a451416db71f5724a1839025544b4edbd92e00b91f0f"},
    {file = "SQLAlchemy-1.3.16.tar.gz", hash = "sha256:7224e126c00b8178dfd227bc337ba5e754b197a3867d33b9f30dc0208f773d70"},
]
werkzeug = [
    {file = "Werkzeug-1.0.1-py2.py3-none-any.whl", hash = "sha256:2de2a5db0baeae7b2d2664949077c2ac63fbd16d98da0ff71837f7d1dea3fd43"},
    {file = "Werkzeug-1.0.1.tar.gz", hash = "sha256:6c80b1e5ad3665290ea39320b91e1be1e0d5f60652b964a3070216de83d2e47c"},
]
zipp = [
    {file = "zipp-3.1.0-py3-none-any.whl", hash = "sha256:aa36550ff0c0b7ef7fa639055d797116ee891440eac1a56f378e2d3179e0320b"},
    {file = "zipp-3.1.0.tar.gz", hash = "sha256:c599e4d75c98f6798c509911d08a22e6c021d074469042177c8c86fb92eefd96"},
]
